
Microsoft Visual Studio Solution File, Format Version 12.00
# Visual Studio Version 17
VisualStudioVersion = 17.0.31903.59
MinimumVisualStudioVersion = 10.0.40219.1
Project("{2150E333-8FDC-42A3-9474-1A3956D46DE8}") = "src", "src", "{827E0CD3-B72D-47B6-A68D-7590B98EB39B}"
EndProject
Project("{FAE04EC0-301F-11D3-BF4B-00C04F79EFBC}") = "Moongazing.OrionKey", "src\Moongazing.OrionKey\Moongazing.OrionKey.csproj", "{4CA1BBFD-A6AC-415E-BEB2-C4009E22B12B}"
EndProject
Project("{FAE04EC0-301F-11D3-BF4B-00C04F79EFBC}") = "Moongazing.OrionKey.Generators", "src\Moongazing.OrionKey.Generators\Moongazing.OrionKey.Generators.csproj", "{DA2BCB08-E0AE-4B54-BF15-47D5B99AE618}"
EndProject
Project("{FAE04EC0-301F-11D3-BF4B-00C04F79EFBC}") = "Moongazing.OrionKey.Testing", "src\Moongazing.OrionKey.Testing\Moongazing.OrionKey.Testing.csproj", "{12E35F10-2BF3-4FDE-8E88-EDD507660F2A}"
EndProject
Project("{2150E333-8FDC-42A3-9474-1A3956D46DE8}") = "tests", "tests", "{0AB3BF05-4346-4AA6-1389-037BE0695223}"
EndProject
Project("{FAE04EC0-301F-11D3-BF4B-00C04F79EFBC}") = "Moongazing.OrionKey.Tests", "tests\Moongazing.OrionKey.Tests\Moongazing.OrionKey.Tests.csproj", "{8AF64FE2-24C7-4DE4-B75E-7B27DA530EED}"
EndProject
Project("{FAE04EC0-301F-11D3-BF4B-00C04F79EFBC}") = "Moongazing.OrionKey.Generators.Tests", "tests\Moongazing.OrionKey.Generators.Tests\Moongazing.OrionKey.Generators.Tests.csproj", "{5E87FFE9-8C1F-4B51-9379-D1D130C0741E}"
EndProject
Project("{FAE04EC0-301F-11D3-BF4B-00C04F79EFBC}") = "Moongazing.OrionKey.IntegrationTests", "tests\Moongazing.OrionKey.IntegrationTests\Moongazing.OrionKey.IntegrationTests.csproj", "{4AF7619D-A31A-4FCE-B75C-0F843CA8A81A}"
EndProject
Project("{FAE04EC0-301F-11D3-BF4B-00C04F79EFBC}") = "Moongazing.OrionKey.Testing.Tests", "tests\Moongazing.OrionKey.Testing.Tests\Moongazing.OrionKey.Testing.Tests.csproj", "{A09ECF27-3BD8-4981-91E3-EEA8FF8D6294}"
EndProject
Project("{2150E333-8FDC-42A3-9474-1A3956D46DE8}") = "bench", "bench", "{760AB15A-8938-8D9B-BEDE-5CE1484B84C3}"
EndProject
Project("{FAE04EC0-301F-11D3-BF4B-00C04F79EFBC}") = "Moongazing.OrionKey.Benchmarks", "bench\Moongazing.OrionKey.Benchmarks\Moongazing.OrionKey.Benchmarks.csproj", "{DB9A492A-841F-46F0-B8D8-A8BFC6A359A5}"
EndProject
Project("{2150E333-8FDC-42A3-9474-1A3956D46DE8}") = "sample", "sample", "{4F9DEAE5-078F-E77A-2E4A-FEB6FFE226FF}"
EndProject
Project("{FAE04EC0-301F-11D3-BF4B-00C04F79EFBC}") = "Moongazing.OrionKey.Sample", "sample\Moongazing.OrionKey.Sample\Moongazing.OrionKey.Sample.csproj", "{E7299699-594D-4C71-8ED3-615B0E29F8B2}"
EndProject
Project("{FAE04EC0-301F-11D3-BF4B-00C04F79EFBC}") = "Moongazing.OrionKey.AotSample", "sample\Moongazing.OrionKey.AotSample\Moongazing.OrionKey.AotSample.csproj", "{51ECC507-E496-467C-AB6E-84D6E43D39D1}"
EndProject
Project("{FAE04EC0-301F-11D3-BF4B-00C04F79EFBC}") = "Moongazing.OrionKey.CodeFixes", "src\Moongazing.OrionKey.CodeFixes\Moongazing.OrionKey.CodeFixes.csproj", "{43F8F0D0-8225-46B6-972C-63D6BD579D14}"
EndProject
Global
	GlobalSection(SolutionConfigurationPlatforms) = preSolution
		Debug|Any CPU = Debug|Any CPU
		Debug|x64 = Debug|x64
		Debug|x86 = Debug|x86
		Release|Any CPU = Release|Any CPU
		Release|x64 = Release|x64
		Release|x86 = Release|x86
	EndGlobalSection
	GlobalSection(ProjectConfigurationPlatforms) = postSolution
		{4CA1BBFD-A6AC-415E-BEB2-C4009E22B12B}.Debug|Any CPU.ActiveCfg = Debug|Any CPU
		{4CA1BBFD-A6AC-415E-BEB2-C4009E22B12B}.Debug|Any CPU.Build.0 = Debug|Any CPU
		{4CA1BBFD-A6AC-415E-BEB2-C4009E22B12B}.Debug|x64.ActiveCfg = Debug|Any CPU
		{4CA1BBFD-A6AC-415E-BEB2-C4009E22B12B}.Debug|x64.Build.0 = Debug|Any CPU
		{4CA1BBFD-A6AC-415E-BEB2-C4009E22B12B}.Debug|x86.ActiveCfg = Debug|Any CPU
		{4CA1BBFD-A6AC-415E-BEB2-C4009E22B12B}.Debug|x86.Build.0 = Debug|Any CPU
		{4CA1BBFD-A6AC-415E-BEB2-C4009E22B12B}.Release|Any CPU.ActiveCfg = Release|Any CPU
		{4CA1BBFD-A6AC-415E-BEB2-C4009E22B12B}.Release|Any CPU.Build.0 = Release|Any CPU
		{4CA1BBFD-A6AC-415E-BEB2-C4009E22B12B}.Release|x64.ActiveCfg = Release|Any CPU
		{4CA1BBFD-A6AC-415E-BEB2-C4009E22B12B}.Release|x64.Build.0 = Release|Any CPU
		{4CA1BBFD-A6AC-415E-BEB2-C4009E22B12B}.Release|x86.ActiveCfg = Release|Any CPU
		{4CA1BBFD-A6AC-415E-BEB2-C4009E22B12B}.Release|x86.Build.0 = Release|Any CPU
		{DA2BCB08-E0AE-4B54-BF15-47D5B99AE618}.Debug|Any CPU.ActiveCfg = Debug|Any CPU
		{DA2BCB08-E0AE-4B54-BF15-47D5B99AE618}.Debug|Any CPU.Build.0 = Debug|Any CPU
		{DA2BCB08-E0AE-4B54-BF15-47D5B99AE618}.Debug|x64.ActiveCfg = Debug|Any CPU
		{DA2BCB08-E0AE-4B54-BF15-47D5B99AE618}.Debug|x64.Build.0 = Debug|Any CPU
		{DA2BCB08-E0AE-4B54-BF15-47D5B99AE618}.Debug|x86.ActiveCfg = Debug|Any CPU
		{DA2BCB08-E0AE-4B54-BF15-47D5B99AE618}.Debug|x86.Build.0 = Debug|Any CPU
		{DA2BCB08-E0AE-4B54-BF15-47D5B99AE618}.Release|Any CPU.ActiveCfg = Release|Any CPU
		{DA2BCB08-E0AE-4B54-BF15-47D5B99AE618}.Release|Any CPU.Build.0 = Release|Any CPU
		{DA2BCB08-E0AE-4B54-BF15-47D5B99AE618}.Release|x64.ActiveCfg = Release|Any CPU
		{DA2BCB08-E0AE-4B54-BF15-47D5B99AE618}.Release|x64.Build.0 = Release|Any CPU
		{DA2BCB08-E0AE-4B54-BF15-47D5B99AE618}.Release|x86.ActiveCfg = Release|Any CPU
		{DA2BCB08-E0AE-4B54-BF15-47D5B99AE618}.Release|x86.Build.0 = Release|Any CPU
		{12E35F10-2BF3-4FDE-8E88-EDD507660F2A}.Debug|Any CPU.ActiveCfg = Debug|Any CPU
		{12E35F10-2BF3-4FDE-8E88-EDD507660F2A}.Debug|Any CPU.Build.0 = Debug|Any CPU
		{12E35F10-2BF3-4FDE-8E88-EDD507660F2A}.Debug|x64.ActiveCfg = Debug|Any CPU
		{12E35F10-2BF3-4FDE-8E88-EDD507660F2A}.Debug|x64.Build.0 = Debug|Any CPU
		{12E35F10-2BF3-4FDE-8E88-EDD507660F2A}.Debug|x86.ActiveCfg = Debug|Any CPU
		{12E35F10-2BF3-4FDE-8E88-EDD507660F2A}.Debug|x86.Build.0 = Debug|Any CPU
		{12E35F10-2BF3-4FDE-8E88-EDD507660F2A}.Release|Any CPU.ActiveCfg = Release|Any CPU
		{12E35F10-2BF3-4FDE-8E88-EDD507660F2A}.Release|Any CPU.Build.0 = Release|Any CPU
		{12E35F10-2BF3-4FDE-8E88-EDD507660F2A}.Release|x64.ActiveCfg = Release|Any CPU
		{12E35F10-2BF3-4FDE-8E88-EDD507660F2A}.Release|x64.Build.0 = Release|Any CPU
		{12E35F10-2BF3-4FDE-8E88-EDD507660F2A}.Release|x86.ActiveCfg = Release|Any CPU
		{12E35F10-2BF3-4FDE-8E88-EDD507660F2A}.Release|x86.Build.0 = Release|Any CPU
		{8AF64FE2-24C7-4DE4-B75E-7B27DA530EED}.Debug|Any CPU.ActiveCfg = Debug|Any CPU
		{8AF64FE2-24C7-4DE4-B75E-7B27DA530EED}.Debug|Any CPU.Build.0 = Debug|Any CPU
		{8AF64FE2-24C7-4DE4-B75E-7B27DA530EED}.Debug|x64.ActiveCfg = Debug|Any CPU
		{8AF64FE2-24C7-4DE4-B75E-7B27DA530EED}.Debug|x64.Build.0 = Debug|Any CPU
		{8AF64FE2-24C7-4DE4-B75E-7B27DA530EED}.Debug|x86.ActiveCfg = Debug|Any CPU
		{8AF64FE2-24C7-4DE4-B75E-7B27DA530EED}.Debug|x86.Build.0 = Debug|Any CPU
		{8AF64FE2-24C7-4DE4-B75E-7B27DA530EED}.Release|Any CPU.ActiveCfg = Release|Any CPU
		{8AF64FE2-24C7-4DE4-B75E-7B27DA530EED}.Release|Any CPU.Build.0 = Release|Any CPU
		{8AF64FE2-24C7-4DE4-B75E-7B27DA530EED}.Release|x64.ActiveCfg = Release|Any CPU
		{8AF64FE2-24C7-4DE4-B75E-7B27DA530EED}.Release|x64.Build.0 = Release|Any CPU
		{8AF64FE2-24C7-4DE4-B75E-7B27DA530EED}.Release|x86.ActiveCfg = Release|Any CPU
		{8AF64FE2-24C7-4DE4-B75E-7B27DA530EED}.Release|x86.Build.0 = Release|Any CPU
		{5E87FFE9-8C1F-4B51-9379-D1D130C0741E}.Debug|Any CPU.ActiveCfg = Debug|Any CPU
		{5E87FFE9-8C1F-4B51-9379-D1D130C0741E}.Debug|Any CPU.Build.0 = Debug|Any CPU
		{5E87FFE9-8C1F-4B51-9379-D1D130C0741E}.Debug|x64.ActiveCfg = Debug|Any CPU
		{5E87FFE9-8C1F-4B51-9379-D1D130C0741E}.Debug|x64.Build.0 = Debug|Any CPU
		{5E87FFE9-8C1F-4B51-9379-D1D130C0741E}.Debug|x86.ActiveCfg = Debug|Any CPU
		{5E87FFE9-8C1F-4B51-9379-D1D130C0741E}.Debug|x86.Build.0 = Debug|Any CPU
		{5E87FFE9-8C1F-4B51-9379-D1D130C0741E}.Release|Any CPU.ActiveCfg = Release|Any CPU
		{5E87FFE9-8C1F-4B51-9379-D1D130C0741E}.Release|Any CPU.Build.0 = Release|Any CPU
		{5E87FFE9-8C1F-4B51-9379-D1D130C0741E}.Release|x64.ActiveCfg = Release|Any CPU
		{5E87FFE9-8C1F-4B51-9379-D1D130C0741E}.Release|x64.Build.0 = Release|Any CPU
		{5E87FFE9-8C1F-4B51-9379-D1D130C0741E}.Release|x86.ActiveCfg = Release|Any CPU
		{5E87FFE9-8C1F-4B51-9379-D1D130C0741E}.Release|x86.Build.0 = Release|Any CPU
		{4AF7619D-A31A-4FCE-B75C-0F843CA8A81A}.Debug|Any CPU.ActiveCfg = Debug|Any CPU
		{4AF7619D-A31A-4FCE-B75C-0F843CA8A81A}.Debug|Any CPU.Build.0 = Debug|Any CPU
		{4AF7619D-A31A-4FCE-B75C-0F843CA8A81A}.Debug|x64.ActiveCfg = Debug|Any CPU
		{4AF7619D-A31A-4FCE-B75C-0F843CA8A81A}.Debug|x64.Build.0 = Debug|Any CPU
		{4AF7619D-A31A-4FCE-B75C-0F843CA8A81A}.Debug|x86.ActiveCfg = Debug|Any CPU
		{4AF7619D-A31A-4FCE-B75C-0F843CA8A81A}.Debug|x86.Build.0 = Debug|Any CPU
		{4AF7619D-A31A-4FCE-B75C-0F843CA8A81A}.Release|Any CPU.ActiveCfg = Release|Any CPU
		{4AF7619D-A31A-4FCE-B75C-0F843CA8A81A}.Release|Any CPU.Build.0 = Release|Any CPU
		{4AF7619D-A31A-4FCE-B75C-0F843CA8A81A}.Release|x64.ActiveCfg = Release|Any CPU
		{4AF7619D-A31A-4FCE-B75C-0F843CA8A81A}.Release|x64.Build.0 = Release|Any CPU
		{4AF7619D-A31A-4FCE-B75C-0F843CA8A81A}.Release|x86.ActiveCfg = Release|Any CPU
		{4AF7619D-A31A-4FCE-B75C-0F843CA8A81A}.Release|x86.Build.0 = Release|Any CPU
		{A09ECF27-3BD8-4981-91E3-EEA8FF8D6294}.Debug|Any CPU.ActiveCfg = Debug|Any CPU
		{A09ECF27-3BD8-4981-91E3-EEA8FF8D6294}.Debug|Any CPU.Build.0 = Debug|Any CPU
		{A09ECF27-3BD8-4981-91E3-EEA8FF8D6294}.Debug|x64.ActiveCfg = Debug|Any CPU
		{A09ECF27-3BD8-4981-91E3-EEA8FF8D6294}.Debug|x64.Build.0 = Debug|Any CPU
		{A09ECF27-3BD8-4981-91E3-EEA8FF8D6294}.Debug|x86.ActiveCfg = Debug|Any CPU
		{A09ECF27-3BD8-4981-91E3-EEA8FF8D6294}.Debug|x86.Build.0 = Debug|Any CPU
		{A09ECF27-3BD8-4981-91E3-EEA8FF8D6294}.Release|Any CPU.ActiveCfg = Release|Any CPU
		{A09ECF27-3BD8-4981-91E3-EEA8FF8D6294}.Release|Any CPU.Build.0 = Release|Any CPU
		{A09ECF27-3BD8-4981-91E3-EEA8FF8D6294}.Release|x64.ActiveCfg = Release|Any CPU
		{A09ECF27-3BD8-4981-91E3-EEA8FF8D6294}.Release|x64.Build.0 = Release|Any CPU
		{A09ECF27-3BD8-4981-91E3-EEA8FF8D6294}.Release|x86.ActiveCfg = Release|Any CPU
		{A09ECF27-3BD8-4981-91E3-EEA8FF8D6294}.Release|x86.Build.0 = Release|Any CPU
		{DB9A492A-841F-46F0-B8D8-A8BFC6A359A5}.Debug|Any CPU.ActiveCfg = Debug|Any CPU
		{DB9A492A-841F-46F0-B8D8-A8BFC6A359A5}.Debug|Any CPU.Build.0 = Debug|Any CPU
		{DB9A492A-841F-46F0-B8D8-A8BFC6A359A5}.Debug|x64.ActiveCfg = Debug|Any CPU
		{DB9A492A-841F-46F0-B8D8-A8BFC6A359A5}.Debug|x64.Build.0 = Debug|Any CPU
		{DB9A492A-841F-46F0-B8D8-A8BFC6A359A5}.Debug|x86.ActiveCfg = Debug|Any CPU
		{DB9A492A-841F-46F0-B8D8-A8BFC6A359A5}.Debug|x86.Build.0 = Debug|Any CPU
		{DB9A492A-841F-46F0-B8D8-A8BFC6A359A5}.Release|Any CPU.ActiveCfg = Release|Any CPU
		{DB9A492A-841F-46F0-B8D8-A8BFC6A359A5}.Release|Any CPU.Build.0 = Release|Any CPU
		{DB9A492A-841F-46F0-B8D8-A8BFC6A359A5}.Release|x64.ActiveCfg = Release|Any CPU
		{DB9A492A-841F-46F0-B8D8-A8BFC6A359A5}.Release|x64.Build.0 = Release|Any CPU
		{DB9A492A-841F-46F0-B8D8-A8BFC6A359A5}.Release|x86.ActiveCfg = Release|Any CPU
		{DB9A492A-841F-46F0-B8D8-A8BFC6A359A5}.Release|x86.Build.0 = Release|Any CPU
		{E7299699-594D-4C71-8ED3-615B0E29F8B2}.Debug|Any CPU.ActiveCfg = Debug|Any CPU
		{E7299699-594D-4C71-8ED3-615B0E29F8B2}.Debug|Any CPU.Build.0 = Debug|Any CPU
		{E7299699-594D-4C71-8ED3-615B0E29F8B2}.Debug|x64.ActiveCfg = Debug|Any CPU
		{E7299699-594D-4C71-8ED3-615B0E29F8B2}.Debug|x64.Build.0 = Debug|Any CPU
		{E7299699-594D-4C71-8ED3-615B0E29F8B2}.Debug|x86.ActiveCfg = Debug|Any CPU
		{E7299699-594D-4C71-8ED3-615B0E29F8B2}.Debug|x86.Build.0 = Debug|Any CPU
		{E7299699-594D-4C71-8ED3-615B0E29F8B2}.Release|Any CPU.ActiveCfg = Release|Any CPU
		{E7299699-594D-4C71-8ED3-615B0E29F8B2}.Release|Any CPU.Build.0 = Release|Any CPU
		{E7299699-594D-4C71-8ED3-615B0E29F8B2}.Release|x64.ActiveCfg = Release|Any CPU
		{E7299699-594D-4C71-8ED3-615B0E29F8B2}.Release|x64.Build.0 = Release|Any CPU
		{E7299699-594D-4C71-8ED3-615B0E29F8B2}.Release|x86.ActiveCfg = Release|Any CPU
		{E7299699-594D-4C71-8ED3-615B0E29F8B2}.Release|x86.Build.0 = Release|Any CPU
		{51ECC507-E496-467C-AB6E-84D6E43D39D1}.Debug|Any CPU.ActiveCfg = Debug|Any CPU
		{51ECC507-E496-467C-AB6E-84D6E43D39D1}.Debug|Any CPU.Build.0 = Debug|Any CPU
		{51ECC507-E496-467C-AB6E-84D6E43D39D1}.Debug|x64.ActiveCfg = Debug|Any CPU
		{51ECC507-E496-467C-AB6E-84D6E43D39D1}.Debug|x64.Build.0 = Debug|Any CPU
		{51ECC507-E496-467C-AB6E-84D6E43D39D1}.Debug|x86.ActiveCfg = Debug|Any CPU
		{51ECC507-E496-467C-AB6E-84D6E43D39D1}.Debug|x86.Build.0 = Debug|Any CPU
		{51ECC507-E496-467C-AB6E-84D6E43D39D1}.Release|Any CPU.ActiveCfg = Release|Any CPU
		{51ECC507-E496-467C-AB6E-84D6E43D39D1}.Release|Any CPU.Build.0 = Release|Any CPU
		{51ECC507-E496-467C-AB6E-84D6E43D39D1}.Release|x64.ActiveCfg = Release|Any CPU
		{51ECC507-E496-467C-AB6E-84D6E43D39D1}.Release|x64.Build.0 = Release|Any CPU
		{51ECC507-E496-467C-AB6E-84D6E43D39D1}.Release|x86.ActiveCfg = Release|Any CPU
		{51ECC507-E496-467C-AB6E-84D6E43D39D1}.Release|x86.Build.0 = Release|Any CPU
		{43F8F0D0-8225-46B6-972C-63D6BD579D14}.Debug|Any CPU.ActiveCfg = Debug|Any CPU
		{43F8F0D0-8225-46B6-972C-63D6BD579D14}.Debug|Any CPU.Build.0 = Debug|Any CPU
		{43F8F0D0-8225-46B6-972C-63D6BD579D14}.Debug|x64.ActiveCfg = Debug|Any CPU
		{43F8F0D0-8225-46B6-972C-63D6BD579D14}.Debug|x64.Build.0 = Debug|Any CPU
		{43F8F0D0-8225-46B6-972C-63D6BD579D14}.Debug|x86.ActiveCfg = Debug|Any CPU
		{43F8F0D0-8225-46B6-972C-63D6BD579D14}.Debug|x86.Build.0 = Debug|Any CPU
		{43F8F0D0-8225-46B6-972C-63D6BD579D14}.Release|Any CPU.ActiveCfg = Release|Any CPU
		{43F8F0D0-8225-46B6-972C-63D6BD579D14}.Release|Any CPU.Build.0 = Release|Any CPU
		{43F8F0D0-8225-46B6-972C-63D6BD579D14}.Release|x64.ActiveCfg = Release|Any CPU
		{43F8F0D0-8225-46B6-972C-63D6BD579D14}.Release|x64.Build.0 = Release|Any CPU
		{43F8F0D0-8225-46B6-972C-63D6BD579D14}.Release|x86.ActiveCfg = Release|Any CPU
		{43F8F0D0-8225-46B6-972C-63D6BD579D14}.Release|x86.Build.0 = Release|Any CPU
	EndGlobalSection
	GlobalSection(SolutionProperties) = preSolution
		HideSolutionNode = FALSE
	EndGlobalSection
	GlobalSection(NestedProjects) = preSolution
		{4CA1BBFD-A6AC-415E-BEB2-C4009E22B12B} = {827E0CD3-B72D-47B6-A68D-7590B98EB39B}
		{DA2BCB08-E0AE-4B54-BF15-47D5B99AE618} = {827E0CD3-B72D-47B6-A68D-7590B98EB39B}
		{12E35F10-2BF3-4FDE-8E88-EDD507660F2A} = {827E0CD3-B72D-47B6-A68D-7590B98EB39B}
		{8AF64FE2-24C7-4DE4-B75E-7B27DA530EED} = {0AB3BF05-4346-4AA6-1389-037BE0695223}
		{5E87FFE9-8C1F-4B51-9379-D1D130C0741E} = {0AB3BF05-4346-4AA6-1389-037BE0695223}
		{4AF7619D-A31A-4FCE-B75C-0F843CA8A81A} = {0AB3BF05-4346-4AA6-1389-037BE0695223}
		{A09ECF27-3BD8-4981-91E3-EEA8FF8D6294} = {0AB3BF05-4346-4AA6-1389-037BE0695223}
		{DB9A492A-841F-46F0-B8D8-A8BFC6A359A5} = {760AB15A-8938-8D9B-BEDE-5CE1484B84C3}
		{E7299699-594D-4C71-8ED3-615B0E29F8B2} = {4F9DEAE5-078F-E77A-2E4A-FEB6FFE226FF}
		{51ECC507-E496-467C-AB6E-84D6E43D39D1} = {4F9DEAE5-078F-E77A-2E4A-FEB6FFE226FF}
		{43F8F0D0-8225-46B6-972C-63D6BD579D14} = {827E0CD3-B72D-47B6-A68D-7590B98EB39B}
	EndGlobalSection
EndGlobal
